{
  "version": 4,
  "terraform_version": "1.14.8",
  "serial": 17,
  "lineage": "6774f180-9b01-a06d-834e-ac4cd2cd3d19",
  "outputs": {
    "app_url": {
      "value": "http://65.2.45.73",
      "type": "string"
    },
    "database_url": {
      "value": "postgres://janv_admin:JanvMasterSecurePass2026!@janv-db.cp2y4ssmw08x.ap-south-1.rds.amazonaws.com:5432/janv_db",
      "type": "string",
      "sensitive": true
    },
    "public_ip": {
      "value": "65.2.45.73",
      "type": "string"
    },
    "rds_endpoint": {
      "value": "janv-db.cp2y4ssmw08x.ap-south-1.rds.amazonaws.com",
      "type": "string"
    },
    "rds_port": {
      "value": 5432,
      "type": "number"
    },
    "ssh_command": {
      "value": "ssh -i ./janv-ec2-key.pem ubuntu@65.2.45.73",
      "type": "string"
    }
  },
  "resources": [
    {
      "mode": "data",
      "type": "aws_ami",
      "name": "ubuntu",
      "provider": "provider[\"registry.terraform.io/hashicorp/aws\"]",
      "instances": [
        {
          "schema_version": 0,
          "attributes": {
            "architecture": "x86_64",
            "arn": "arn:aws:ec2:ap-south-1::image/ami-0c0fd09cfe77b59dc",
            "block_device_mappings": [
              {
                "device_name": "/dev/sda1",
                "ebs": {
                  "delete_on_termination": "true",
                  "encrypted": "false",
                  "iops": "0",
                  "snapshot_id": "snap-08a6afcf792cafdd9",
                  "throughput": "0",
                  "volume_initialization_rate": "0",
                  "volume_size": "8",
                  "volume_type": "gp3"
                },
                "no_device": "",
                "virtual_name": ""
              },
              {
                "device_name": "/dev/sdb",
                "ebs": {},
                "no_device": "",
                "virtual_name": "ephemeral0"
              },
              {
                "device_name": "/dev/sdc",
                "ebs": {},
                "no_device": "",
                "virtual_name": "ephemeral1"
              }
            ],
            "boot_mode": "uefi-preferred",
            "creation_date": "2026-09-04T11:45:37.000Z",
            "deprecation_time": "2028-09-04T11:45:37.000Z",
            "description": "Canonical, Ubuntu, 24.04, amd64 noble image",
            "ena_support": true,
            "executable_users": null,
            "filter": [
              {
                "name": "name",
                "values": [
                  "ubuntu/images/hvm-ssd-gp3/ubuntu-noble-24.04-amd64-server-*"
                ]
              },
              {
                "name": "virtualization-type",
                "values": [
                  "hvm"
                ]
              }
            ],
            "hypervisor": "xen",
            "id": "ami-0c0fd09cfe77b59dc",
            "image_id": "ami-0c0fd09cfe77b59dc",
            "image_location": "amazon/ubuntu/images/hvm-ssd-gp3/ubuntu-noble-24.04-amd64-server-20260904",
            "image_owner_alias": "amazon",
            "image_type": "machine",
            "imds_support": "v2.0",
            "include_deprecated": false,
            "kernel_id": "",
            "last_launched_time": "",
            "most_recent": true,
            "name": "ubuntu/images/hvm-ssd-gp3/ubuntu-noble-24.04-amd64-server-20260904",
            "name_regex": null,
            "owner_id": "099720109477",
            "owners": [
              "099720109477"
            ],
            "platform": "",
            "platform_details": "Linux/UNIX",
            "product_codes": [],
            "public": true,
            "ramdisk_id": "",
            "root_device_name": "/dev/sda1",
            "root_device_type": "ebs",
            "root_snapshot_id": "snap-08a6afcf792cafdd9",
            "sriov_net_support": "simple",
            "state": "available",
            "state_reason": {
              "code": "UNSET",
              "message": "UNSET"
            },
            "tags": {},
            "timeouts": null,
            "tpm_support": "",
            "uefi_data": null,
            "usage_operation": "RunInstances",
            "virtualization_type": "hvm"
          },
          "sensitive_attributes": [],
          "identity_schema_version": 0
        }
      ]
    },
    {
      "mode": "data",
      "type": "aws_availability_zones",
      "name": "available",
      "provider": "provider[\"registry.terraform.io/hashicorp/aws\"]",
      "instances": [
        {
          "schema_version": 0,
          "attributes": {
            "all_availability_zones": null,
            "exclude_names": null,
            "exclude_zone_ids": null,
            "filter": null,
            "group_names": [
              "ap-south-1-zg-1"
            ],
            "id": "ap-south-1",
            "names": [
              "ap-south-1a",
              "ap-south-1b",
              "ap-south-1c"
            ],
            "state": "available",
            "timeouts": null,
            "zone_ids": [
              "aps1-az1",
              "aps1-az3",
              "aps1-az2"
            ]
          },
          "sensitive_attributes": [],
          "identity_schema_version": 0
        }
      ]
    },
    {
      "mode": "managed",
      "type": "aws_db_instance",
      "name": "postgres",
      "provider": "provider[\"registry.terraform.io/hashicorp/aws\"]",
      "instances": [
        {
          "schema_version": 2,
          "attributes": {
            "address": "janv-db.cp2y4ssmw08x.ap-south-1.rds.amazonaws.com",
            "allocated_storage": 20,
            "allow_major_version_upgrade": null,
            "apply_immediately": false,
            "arn": "arn:aws:rds:ap-south-1:648749259394:db:janv-db",
            "auto_minor_version_upgrade": true,
            "availability_zone": "ap-south-1a",
            "backup_retention_period": 0,
            "backup_target": "region",
            "backup_window": "18:45-19:15",
            "blue_green_update": [],
            "ca_cert_identifier": "rds-ca-rsa2048-g1",
            "character_set_name": "",
            "copy_tags_to_snapshot": false,
            "custom_iam_instance_profile": "",
            "customer_owned_ip_enabled": false,
            "database_insights_mode": "standard",
            "db_name": "janv_db",
            "db_subnet_group_name": "janv-db-subnet-group",
            "dedicated_log_volume": false,
            "delete_automated_backups": true,
            "deletion_protection": false,
            "domain": "",
            "domain_auth_secret_arn": "",
            "domain_dns_ips": null,
            "domain_fqdn": "",
            "domain_iam_role_name": "",
            "domain_ou": "",
            "enabled_cloudwatch_logs_exports": null,
            "endpoint": "janv-db.cp2y4ssmw08x.ap-south-1.rds.amazonaws.com:5432",
            "engine": "postgres",
            "engine_lifecycle_support": "open-source-rds-extended-support",
            "engine_version": "16",
            "engine_version_actual": "16.13",
            "final_snapshot_identifier": null,
            "hosted_zone_id": "Z2VFMSZA74J7XZ",
            "iam_database_authentication_enabled": false,
            "id": "db-KBL7KO4TKOHIF3GYCYFSPIFXKY",
            "identifier": "janv-db",
            "identifier_prefix": "",
            "instance_class": "db.t4g.micro",
            "iops": 3000,
            "kms_key_id": "",
            "latest_restorable_time": "",
            "license_model": "postgresql-license",
            "listener_endpoint": [],
            "maintenance_window": "mon:12:47-mon:13:17",
            "manage_master_user_password": null,
            "master_user_secret": [],
            "master_user_secret_kms_key_id": null,
            "max_allocated_storage": 100,
            "monitoring_interval": 0,
            "monitoring_role_arn": "",
            "multi_az": false,
            "nchar_character_set_name": "",
            "network_type": "IPV4",
            "option_group_name": "default:postgres-16",
            "parameter_group_name": "default.postgres16",
            "password": "JanvMasterSecurePass2026!",
            "password_wo": null,
            "password_wo_version": null,
            "performance_insights_enabled": false,
            "performance_insights_kms_key_id": "",
            "performance_insights_retention_period": 0,
            "port": 5432,
            "publicly_accessible": true,
            "replica_mode": "",
            "replicas": [],
            "replicate_source_db": "",
            "resource_id": "db-KBL7KO4TKOHIF3GYCYFSPIFXKY",
            "restore_to_point_in_time": [],
            "s3_import": [],
            "skip_final_snapshot": true,
            "snapshot_identifier": null,
            "status": "available",
            "storage_encrypted": false,
            "storage_throughput": 125,
            "storage_type": "gp3",
            "tags": {
              "Name": "janv-postgresql"
            },
            "tags_all": {
              "Environment": "production",
              "ManagedBy": "Terraform",
              "Name": "janv-postgresql",
              "Project": "janv"
            },
            "timeouts": null,
            "timezone": "",
            "upgrade_storage_config": null,
            "username": "janv_admin",
            "vpc_security_group_ids": [
              "sg-0625f84dd77dec0c5"
            ]
          },
          "sensitive_attributes": [
            [
              {
                "type": "get_attr",
                "value": "password"
              }
            ],
            [
              {
                "type": "get_attr",
                "value": "password_wo"
              }
            ]
          ],
          "identity_schema_version": 0,
          "private": "eyJlMmJmYjczMC1lY2FhLTExZTYtOGY4OC0zNDM2M2JjN2M0YzAiOnsiY3JlYXRlIjozMDAwMDAwMDAwMDAwLCJkZWxldGUiOjM2MDAwMDAwMDAwMDAsInVwZGF0ZSI6NDgwMDAwMDAwMDAwMH0sInNjaGVtYV92ZXJzaW9uIjoiMiJ9",
          "dependencies": [
            "aws_db_subnet_group.rds",
            "aws_security_group.app",
            "aws_security_group.rds",
            "aws_subnet.public_a",
            "aws_subnet.public_b",
            "aws_vpc.main",
            "data.aws_availability_zones.available"
          ]
        }
      ]
    },
    {
      "mode": "managed",
      "type": "aws_db_subnet_group",
      "name": "rds",
      "provider": "provider[\"registry.terraform.io/hashicorp/aws\"]",
      "instances": [
        {
          "schema_version": 0,
          "attributes": {
            "arn": "arn:aws:rds:ap-south-1:648749259394:subgrp:janv-db-subnet-group",
            "description": "Managed by Terraform",
            "id": "janv-db-subnet-group",
            "name": "janv-db-subnet-group",
            "name_prefix": "",
            "subnet_ids": [
              "subnet-07e394f16806d54bf",
              "subnet-0b36001de764cf499"
            ],
            "supported_network_types": [
              "IPV4"
            ],
            "tags": {
              "Name": "janv-db-subnet-group"
            },
            "tags_all": {
              "Environment": "production",
              "ManagedBy": "Terraform",
              "Name": "janv-db-subnet-group",
              "Project": "janv"
            },
            "vpc_id": "vpc-095e3dce44b64db2c"
          },
          "sensitive_attributes": [],
          "identity_schema_version": 0,
          "private": "bnVsbA==",
          "dependencies": [
            "aws_subnet.public_a",
            "aws_subnet.public_b",
            "aws_vpc.main",
            "data.aws_availability_zones.available"
          ]
        }
      ]
    },
    {
      "mode": "managed",
      "type": "aws_eip",
      "name": "app_eip",
      "provider": "provider[\"registry.terraform.io/hashicorp/aws\"]",
      "instances": [
        {
          "schema_version": 0,
          "attributes": {
            "address": null,
            "allocation_id": "eipalloc-023184802fd00d1d2",
            "arn": "arn:aws:ec2:ap-south-1:648749259394:elastic-ip/eipalloc-023184802fd00d1d2",
            "associate_with_private_ip": null,
            "association_id": "eipassoc-026a73dcfcb903cfd",
            "carrier_ip": "",
            "customer_owned_ip": "",
            "customer_owned_ipv4_pool": "",
            "domain": "vpc",
            "id": "eipalloc-023184802fd00d1d2",
            "instance": "i-0e61c62af30d22084",
            "ipam_pool_id": null,
            "network_border_group": "ap-south-1",
            "network_interface": "eni-087f6219ea913630f",
            "private_dns": "ip-10-0-1-165.ap-south-1.compute.internal",
            "private_ip": "10.0.1.165",
            "ptr_record": "",
            "public_dns": "ec2-65-2-45-73.ap-south-1.compute.amazonaws.com",
            "public_ip": "65.2.45.73",
            "public_ipv4_pool": "amazon",
            "tags": {
              "Name": "janv-eip"
            },
            "tags_all": {
              "Environment": "production",
              "ManagedBy": "Terraform",
              "Name": "janv-eip",
              "Project": "janv"
            },
            "timeouts": null,
            "vpc": true
          },
          "sensitive_attributes": [],
          "identity_schema_version": 0,
          "private": "eyJlMmJmYjczMC1lY2FhLTExZTYtOGY4OC0zNDM2M2JjN2M0YzAiOnsiZGVsZXRlIjoxODAwMDAwMDAwMDAsInJlYWQiOjkwMDAwMDAwMDAwMCwidXBkYXRlIjozMDAwMDAwMDAwMDB9fQ==",
          "dependencies": [
            "aws_instance.app_server",
            "aws_key_pair.generated",
            "aws_security_group.app",
            "aws_subnet.public_a",
            "aws_vpc.main",
            "data.aws_ami.ubuntu",
            "data.aws_availability_zones.available",
            "tls_private_key.ssh"
          ]
        }
      ]
    },
    {
      "mode": "managed",
      "type": "aws_instance",
      "name": "app_server",
      "provider": "provider[\"registry.terraform.io/hashicorp/aws\"]",
      "instances": [
        {
          "schema_version": 1,
          "attributes": {
            "ami": "ami-0c0fd09cfe77b59dc",
            "arn": "arn:aws:ec2:ap-south-1:648749259394:instance/i-0e61c62af30d22084",
            "associate_public_ip_address": true,
            "availability_zone": "ap-south-1a",
            "capacity_reservation_specification": [
              {
                "capacity_reservation_preference": "open",
                "capacity_reservation_target": []
              }
            ],
            "cpu_core_count": 1,
            "cpu_options": [
              {
                "amd_sev_snp": "",
                "core_count": 1,
                "threads_per_core": 2
              }
            ],
            "cpu_threads_per_core": 2,
            "credit_specification": [
              {
                "cpu_credits": "unlimited"
              }
            ],
            "disable_api_stop": false,
            "disable_api_termination": false,
            "ebs_block_device": [],
            "ebs_optimized": false,
            "enable_primary_ipv6": null,
            "enclave_options": [
              {
                "enabled": false
              }
            ],
            "ephemeral_block_device": [],
            "get_password_data": false,
            "hibernation": false,
            "host_id": "",
            "host_resource_group_arn": null,
            "iam_instance_profile": "",
            "id": "i-0e61c62af30d22084",
            "instance_initiated_shutdown_behavior": "stop",
            "instance_lifecycle": "",
            "instance_market_options": [],
            "instance_state": "running",
            "instance_type": "t3.medium",
            "ipv6_address_count": 0,
            "ipv6_addresses": [],
            "key_name": "janv-key",
            "launch_template": [],
            "maintenance_options": [
              {
                "auto_recovery": "default"
              }
            ],
            "metadata_options": [
              {
                "http_endpoint": "enabled",
                "http_protocol_ipv6": "disabled",
                "http_put_response_hop_limit": 2,
                "http_tokens": "required",
                "instance_metadata_tags": "disabled"
              }
            ],
            "monitoring": false,
            "network_interface": [],
            "outpost_arn": "",
            "password_data": "",
            "placement_group": "",
            "placement_partition_number": 0,
            "primary_network_interface_id": "eni-087f6219ea913630f",
            "private_dns": "ip-10-0-1-165.ap-south-1.compute.internal",
            "private_dns_name_options": [
              {
                "enable_resource_name_dns_a_record": false,
                "enable_resource_name_dns_aaaa_record": false,
                "hostname_type": "ip-name"
              }
            ],
            "private_ip": "10.0.1.165",
            "public_dns": "ec2-13-127-101-232.ap-south-1.compute.amazonaws.com",
            "public_ip": "13.127.101.232",
            "root_block_device": [
              {
                "delete_on_termination": true,
                "device_name": "/dev/sda1",
                "encrypted": false,
                "iops": 3000,
                "kms_key_id": "",
                "tags": null,
                "tags_all": {
                  "Environment": "production",
                  "ManagedBy": "Terraform",
                  "Project": "janv"
                },
                "throughput": 125,
                "volume_id": "vol-08887592bb70e3f4d",
                "volume_size": 30,
                "volume_type": "gp3"
              }
            ],
            "secondary_private_ips": [],
            "security_groups": [],
            "source_dest_check": true,
            "spot_instance_request_id": "",
            "subnet_id": "subnet-07e394f16806d54bf",
            "tags": {
              "Name": "janv-app-server"
            },
            "tags_all": {
              "Environment": "production",
              "ManagedBy": "Terraform",
              "Name": "janv-app-server",
              "Project": "janv"
            },
            "tenancy": "default",
            "timeouts": null,
            "user_data": "757d761058f19764ce8aa395a0ac617da7e51118",
            "user_data_base64": null,
            "user_data_replace_on_change": false,
            "volume_tags": null,
            "vpc_security_group_ids": [
              "sg-0adf5e769857376eb"
            ]
          },
          "sensitive_attributes": [],
          "identity_schema_version": 0,
          "private": "eyJlMmJmYjczMC1lY2FhLTExZTYtOGY4OC0zNDM2M2JjN2M0YzAiOnsiY3JlYXRlIjo2MDAwMDAwMDAwMDAsImRlbGV0ZSI6MTIwMDAwMDAwMDAwMCwicmVhZCI6OTAwMDAwMDAwMDAwLCJ1cGRhdGUiOjYwMDAwMDAwMDAwMH0sInNjaGVtYV92ZXJzaW9uIjoiMSJ9",
          "dependencies": [
            "aws_key_pair.generated",
            "aws_security_group.app",
            "aws_subnet.public_a",
            "aws_vpc.main",
            "data.aws_ami.ubuntu",
            "data.aws_availability_zones.available",
            "tls_private_key.ssh"
          ]
        }
      ]
    },
    {
      "mode": "managed",
      "type": "aws_internet_gateway",
      "name": "main",
      "provider": "provider[\"registry.terraform.io/hashicorp/aws\"]",
      "instances": [
        {
          "schema_version": 0,
          "attributes": {
            "arn": "arn:aws:ec2:ap-south-1:648749259394:internet-gateway/igw-058616798b1b2a809",
            "id": "igw-058616798b1b2a809",
            "owner_id": "648749259394",
            "tags": {
              "Name": "janv-igw"
            },
            "tags_all": {
              "Environment": "production",
              "ManagedBy": "Terraform",
              "Name": "janv-igw",
              "Project": "janv"
            },
            "timeouts": null,
            "vpc_id": "vpc-095e3dce44b64db2c"
          },
          "sensitive_attributes": [],
          "identity_schema_version": 0,
          "private": "eyJlMmJmYjczMC1lY2FhLTExZTYtOGY4OC0zNDM2M2JjN2M0YzAiOnsiY3JlYXRlIjoxMjAwMDAwMDAwMDAwLCJkZWxldGUiOjEyMDAwMDAwMDAwMDAsInVwZGF0ZSI6MTIwMDAwMDAwMDAwMH19",
          "dependencies": [
            "aws_vpc.main"
          ]
        }
      ]
    },
    {
      "mode": "managed",
      "type": "aws_key_pair",
      "name": "generated",
      "provider": "provider[\"registry.terraform.io/hashicorp/aws\"]",
      "instances": [
        {
          "schema_version": 1,
          "attributes": {
            "arn": "arn:aws:ec2:ap-south-1:648749259394:key-pair/janv-key",
            "fingerprint": "c0:60:24:5e:82:a5:8a:f4:d9:61:9e:df:c9:84:dc:31",
            "id": "janv-key",
            "key_name": "janv-key",
            "key_name_prefix": "",
            "key_pair_id": "key-0012977de0fba4c0b",
            "key_type": "rsa",
            "public_key": "ssh-rsa AAAAB3NzaC1yc2EAAAADAQABAAACAQDXSxOc2uj4OKyptttlNfCZQDyW52aPVSGs3Q7kNcrZsvaZY2MErR4m8mBJAlMJSaUPCxYNEDC4vm59+Z+iYU+RF9PvSZH7TI1tB5pKGTpvBmYxH0s0ShGI7dt7WGutRSXvKWp18JA2im58G+K07R1O29OXxbCup1kbkDSzB7jWQRmU5Z86YJscqNX58Cer0zkF955C0TGFWodzDaD9JPjTz61SV0OIAPhxmoja3lsqc8eoJ7kFUKsDlIN5lmWUZXTmFfCnhyXhqRGoV2obWxlCNPwjrxihzI+jzkG+skfvvOY6Gqyz4rYjv3f6yCV74kIRAKqRjBmiHNY3H5uPVBwRdQQlNEo+ld7rvfidhsX+uCJA09rMmOew8qrVN2W0XxF2LX/MdLr1ZOmFpxnUZkLbV+04q2bABBEu7Do/1O1Vs6HRyphR5Z/QeSl6vCqKVevmDXbQ5Wt/VhELhoKl4phRkMSuz2nBt01etoLBD93Xsh4aJMiC7ShG2nmEV0y1YH2UwrYyOXSN6fGrHDM79Nv/RudL1kg5jngq5ZHMztvV9YvlYfKueIaX+DN4QptRb3FkVVY8iP5k9oAAa2mlmBxbTjnKn3gyndHtwjBXKzUUT/Xc+RH15nZk2rVlqL+Zuyigqx6crRvF4cviXoFLOCStN9hmHky4xLQhgP+SmWEhAw==",
            "tags": null,
            "tags_all": {
              "Environment": "production",
              "ManagedBy": "Terraform",
              "Project": "janv"
            }
          },
          "sensitive_attributes": [],
          "identity_schema_version": 0,
          "private": "eyJzY2hlbWFfdmVyc2lvbiI6IjEifQ==",
          "dependencies": [
            "tls_private_key.ssh"
          ]
        }
      ]
    },
    {
      "mode": "managed",
      "type": "aws_route_table",
      "name": "public",
      "provider": "provider[\"registry.terraform.io/hashicorp/aws\"]",
      "instances": [
        {
          "schema_version": 0,
          "attributes": {
            "arn": "arn:aws:ec2:ap-south-1:648749259394:route-table/rtb-0f3907015fc78757e",
            "id": "rtb-0f3907015fc78757e",
            "owner_id": "648749259394",
            "propagating_vgws": [],
            "route": [
              {
                "carrier_gateway_id": "",
                "cidr_block": "0.0.0.0/0",
                "core_network_arn": "",
                "destination_prefix_list_id": "",
                "egress_only_gateway_id": "",
                "gateway_id": "igw-058616798b1b2a809",
                "ipv6_cidr_block": "",
                "local_gateway_id": "",
                "nat_gateway_id": "",
                "network_interface_id": "",
                "transit_gateway_id": "",
                "vpc_endpoint_id": "",
                "vpc_peering_connection_id": ""
              }
            ],
            "tags": {
              "Name": "janv-public-rt"
            },
            "tags_all": {
              "Environment": "production",
              "ManagedBy": "Terraform",
              "Name": "janv-public-rt",
              "Project": "janv"
            },
            "timeouts": null,
            "vpc_id": "vpc-095e3dce44b64db2c"
          },
          "sensitive_attributes": [],
          "identity_schema_version": 0,
          "private": "eyJlMmJmYjczMC1lY2FhLTExZTYtOGY4OC0zNDM2M2JjN2M0YzAiOnsiY3JlYXRlIjozMDAwMDAwMDAwMDAsImRlbGV0ZSI6MzAwMDAwMDAwMDAwLCJ1cGRhdGUiOjEyMDAwMDAwMDAwMH19",
          "dependencies": [
            "aws_internet_gateway.main",
            "aws_vpc.main"
          ]
        }
      ]
    },
    {
      "mode": "managed",
      "type": "aws_route_table_association",
      "name": "public_a",
      "provider": "provider[\"registry.terraform.io/hashicorp/aws\"]",
      "instances": [
        {
          "schema_version": 0,
          "attributes": {
            "gateway_id": "",
            "id": "rtbassoc-04845ec7823709fd7",
            "route_table_id": "rtb-0f3907015fc78757e",
            "subnet_id": "subnet-07e394f16806d54bf",
            "timeouts": null
          },
          "sensitive_attributes": [],
          "identity_schema_version": 0,
          "private": "eyJlMmJmYjczMC1lY2FhLTExZTYtOGY4OC0zNDM2M2JjN2M0YzAiOnsiY3JlYXRlIjozMDAwMDAwMDAwMDAsImRlbGV0ZSI6MzAwMDAwMDAwMDAwLCJ1cGRhdGUiOjEyMDAwMDAwMDAwMH19",
          "dependencies": [
            "aws_internet_gateway.main",
            "aws_route_table.public",
            "aws_subnet.public_a",
            "aws_vpc.main",
            "data.aws_availability_zones.available"
          ]
        }
      ]
    },
    {
      "mode": "managed",
      "type": "aws_route_table_association",
      "name": "public_b",
      "provider": "provider[\"registry.terraform.io/hashicorp/aws\"]",
      "instances": [
        {
          "schema_version": 0,
          "attributes": {
            "gateway_id": "",
            "id": "rtbassoc-06bfbe99718053552",
            "route_table_id": "rtb-0f3907015fc78757e",
            "subnet_id": "subnet-0b36001de764cf499",
            "timeouts": null
          },
          "sensitive_attributes": [],
          "identity_schema_version": 0,
          "private": "eyJlMmJmYjczMC1lY2FhLTExZTYtOGY4OC0zNDM2M2JjN2M0YzAiOnsiY3JlYXRlIjozMDAwMDAwMDAwMDAsImRlbGV0ZSI6MzAwMDAwMDAwMDAwLCJ1cGRhdGUiOjEyMDAwMDAwMDAwMH19",
          "dependencies": [
            "aws_internet_gateway.main",
            "aws_route_table.public",
            "aws_subnet.public_b",
            "aws_vpc.main",
            "data.aws_availability_zones.available"
          ]
        }
      ]
    },
    {
      "mode": "managed",
      "type": "aws_security_group",
      "name": "app",
      "provider": "provider[\"registry.terraform.io/hashicorp/aws\"]",
      "instances": [
        {
          "schema_version": 1,
          "attributes": {
            "arn": "arn:aws:ec2:ap-south-1:648749259394:security-group/sg-0adf5e769857376eb",
            "description": "Security group for Janv application server",
            "egress": [
              {
                "cidr_blocks": [
                  "0.0.0.0/0"
                ],
                "description": "Allow all outbound",
                "from_port": 0,
                "ipv6_cidr_blocks": [],
                "prefix_list_ids": [],
                "protocol": "-1",
                "security_groups": [],
                "self": false,
                "to_port": 0
              }
            ],
            "id": "sg-0adf5e769857376eb",
            "ingress": [
              {
                "cidr_blocks": [
                  "0.0.0.0/0"
                ],
                "description": "HTTP",
                "from_port": 80,
                "ipv6_cidr_blocks": [],
                "prefix_list_ids": [],
                "protocol": "tcp",
                "security_groups": [],
                "self": false,
                "to_port": 80
              },
              {
                "cidr_blocks": [
                  "0.0.0.0/0"
                ],
                "description": "HTTPS",
                "from_port": 443,
                "ipv6_cidr_blocks": [],
                "prefix_list_ids": [],
                "protocol": "tcp",
                "security_groups": [],
                "self": false,
                "to_port": 443
              },
              {
                "cidr_blocks": [
                  "0.0.0.0/0"
                ],
                "description": "SSH",
                "from_port": 22,
                "ipv6_cidr_blocks": [],
                "prefix_list_ids": [],
                "protocol": "tcp",
                "security_groups": [],
                "self": false,
                "to_port": 22
              }
            ],
            "name": "janv-app-sg",
            "name_prefix": "",
            "owner_id": "648749259394",
            "revoke_rules_on_delete": false,
            "tags": {
              "Name": "janv-app-sg"
            },
            "tags_all": {
              "Environment": "production",
              "ManagedBy": "Terraform",
              "Name": "janv-app-sg",
              "Project": "janv"
            },
            "timeouts": null,
            "vpc_id": "vpc-095e3dce44b64db2c"
          },
          "sensitive_attributes": [],
          "identity_schema_version": 0,
          "private": "eyJlMmJmYjczMC1lY2FhLTExZTYtOGY4OC0zNDM2M2JjN2M0YzAiOnsiY3JlYXRlIjo2MDAwMDAwMDAwMDAsImRlbGV0ZSI6OTAwMDAwMDAwMDAwfSwic2NoZW1hX3ZlcnNpb24iOiIxIn0=",
          "dependencies": [
            "aws_vpc.main"
          ]
        }
      ]
    },
    {
      "mode": "managed",
      "type": "aws_security_group",
      "name": "rds",
      "provider": "provider[\"registry.terraform.io/hashicorp/aws\"]",
      "instances": [
        {
          "schema_version": 1,
          "attributes": {
            "arn": "arn:aws:ec2:ap-south-1:648749259394:security-group/sg-0625f84dd77dec0c5",
            "description": "Security group for Janv PostgreSQL RDS",
            "egress": [
              {
                "cidr_blocks": [
                  "0.0.0.0/0"
                ],
                "description": "Allow all outbound",
                "from_port": 0,
                "ipv6_cidr_blocks": [],
                "prefix_list_ids": [],
                "protocol": "-1",
                "security_groups": [],
                "self": false,
                "to_port": 0
              }
            ],
            "id": "sg-0625f84dd77dec0c5",
            "ingress": [
              {
                "cidr_blocks": [
                  "0.0.0.0/0"
                ],
                "description": "PostgreSQL public access for migrations",
                "from_port": 5432,
                "ipv6_cidr_blocks": [],
                "prefix_list_ids": [],
                "protocol": "tcp",
                "security_groups": [],
                "self": false,
                "to_port": 5432
              },
              {
                "cidr_blocks": [],
                "description": "PostgreSQL from App Server",
                "from_port": 5432,
                "ipv6_cidr_blocks": [],
                "prefix_list_ids": [],
                "protocol": "tcp",
                "security_groups": [
                  "sg-0adf5e769857376eb"
                ],
                "self": false,
                "to_port": 5432
              }
            ],
            "name": "janv-rds-sg",
            "name_prefix": "",
            "owner_id": "648749259394",
            "revoke_rules_on_delete": false,
            "tags": {
              "Name": "janv-rds-sg"
            },
            "tags_all": {
              "Environment": "production",
              "ManagedBy": "Terraform",
              "Name": "janv-rds-sg",
              "Project": "janv"
            },
            "timeouts": null,
            "vpc_id": "vpc-095e3dce44b64db2c"
          },
          "sensitive_attributes": [],
          "identity_schema_version": 0,
          "private": "eyJlMmJmYjczMC1lY2FhLTExZTYtOGY4OC0zNDM2M2JjN2M0YzAiOnsiY3JlYXRlIjo2MDAwMDAwMDAwMDAsImRlbGV0ZSI6OTAwMDAwMDAwMDAwfSwic2NoZW1hX3ZlcnNpb24iOiIxIn0=",
          "dependencies": [
            "aws_security_group.app",
            "aws_vpc.main"
          ]
        }
      ]
    },
    {
      "mode": "managed",
      "type": "aws_subnet",
      "name": "public_a",
      "provider": "provider[\"registry.terraform.io/hashicorp/aws\"]",
      "instances": [
        {
          "schema_version": 1,
          "attributes": {
            "arn": "arn:aws:ec2:ap-south-1:648749259394:subnet/subnet-07e394f16806d54bf",
            "assign_ipv6_address_on_creation": false,
            "availability_zone": "ap-south-1a",
            "availability_zone_id": "aps1-az1",
            "cidr_block": "10.0.1.0/24",
            "customer_owned_ipv4_pool": "",
            "enable_dns64": false,
            "enable_lni_at_device_index": 0,
            "enable_resource_name_dns_a_record_on_launch": false,
            "enable_resource_name_dns_aaaa_record_on_launch": false,
            "id": "subnet-07e394f16806d54bf",
            "ipv6_cidr_block": "",
            "ipv6_cidr_block_association_id": "",
            "ipv6_native": false,
            "map_customer_owned_ip_on_launch": false,
            "map_public_ip_on_launch": true,
            "outpost_arn": "",
            "owner_id": "648749259394",
            "private_dns_hostname_type_on_launch": "ip-name",
            "tags": {
              "Name": "janv-public-subnet-a"
            },
            "tags_all": {
              "Environment": "production",
              "ManagedBy": "Terraform",
              "Name": "janv-public-subnet-a",
              "Project": "janv"
            },
            "timeouts": null,
            "vpc_id": "vpc-095e3dce44b64db2c"
          },
          "sensitive_attributes": [],
          "identity_schema_version": 0,
          "private": "eyJlMmJmYjczMC1lY2FhLTExZTYtOGY4OC0zNDM2M2JjN2M0YzAiOnsiY3JlYXRlIjo2MDAwMDAwMDAwMDAsImRlbGV0ZSI6MTIwMDAwMDAwMDAwMH0sInNjaGVtYV92ZXJzaW9uIjoiMSJ9",
          "dependencies": [
            "aws_vpc.main",
            "data.aws_availability_zones.available"
          ]
        }
      ]
    },
    {
      "mode": "managed",
      "type": "aws_subnet",
      "name": "public_b",
      "provider": "provider[\"registry.terraform.io/hashicorp/aws\"]",
      "instances": [
        {
          "schema_version": 1,
          "attributes": {
            "arn": "arn:aws:ec2:ap-south-1:648749259394:subnet/subnet-0b36001de764cf499",
            "assign_ipv6_address_on_creation": false,
            "availability_zone": "ap-south-1b",
            "availability_zone_id": "aps1-az3",
            "cidr_block": "10.0.2.0/24",
            "customer_owned_ipv4_pool": "",
            "enable_dns64": false,
            "enable_lni_at_device_index": 0,
            "enable_resource_name_dns_a_record_on_launch": false,
            "enable_resource_name_dns_aaaa_record_on_launch": false,
            "id": "subnet-0b36001de764cf499",
            "ipv6_cidr_block": "",
            "ipv6_cidr_block_association_id": "",
            "ipv6_native": false,
            "map_customer_owned_ip_on_launch": false,
            "map_public_ip_on_launch": true,
            "outpost_arn": "",
            "owner_id": "648749259394",
            "private_dns_hostname_type_on_launch": "ip-name",
            "tags": {
              "Name": "janv-public-subnet-b"
            },
            "tags_all": {
              "Environment": "production",
              "ManagedBy": "Terraform",
              "Name": "janv-public-subnet-b",
              "Project": "janv"
            },
            "timeouts": null,
            "vpc_id": "vpc-095e3dce44b64db2c"
          },
          "sensitive_attributes": [],
          "identity_schema_version": 0,
          "private": "eyJlMmJmYjczMC1lY2FhLTExZTYtOGY4OC0zNDM2M2JjN2M0YzAiOnsiY3JlYXRlIjo2MDAwMDAwMDAwMDAsImRlbGV0ZSI6MTIwMDAwMDAwMDAwMH0sInNjaGVtYV92ZXJzaW9uIjoiMSJ9",
          "dependencies": [
            "aws_vpc.main",
            "data.aws_availability_zones.available"
          ]
        }
      ]
    },
    {
      "mode": "managed",
      "type": "aws_vpc",
      "name": "main",
      "provider": "provider[\"registry.terraform.io/hashicorp/aws\"]",
      "instances": [
        {
          "schema_version": 1,
          "attributes": {
            "arn": "arn:aws:ec2:ap-south-1:648749259394:vpc/vpc-095e3dce44b64db2c",
            "assign_generated_ipv6_cidr_block": false,
            "cidr_block": "10.0.0.0/16",
            "default_network_acl_id": "acl-0ca9f558ecf0f1036",
            "default_route_table_id": "rtb-07b0edffa2d1de35a",
            "default_security_group_id": "sg-02a1aaa91b1ed2ec5",
            "dhcp_options_id": "dopt-0a579349ff6b2ef0d",
            "enable_dns_hostnames": true,
            "enable_dns_support": true,
            "enable_network_address_usage_metrics": false,
            "id": "vpc-095e3dce44b64db2c",
            "instance_tenancy": "default",
            "ipv4_ipam_pool_id": null,
            "ipv4_netmask_length": null,
            "ipv6_association_id": "",
            "ipv6_cidr_block": "",
            "ipv6_cidr_block_network_border_group": "",
            "ipv6_ipam_pool_id": "",
            "ipv6_netmask_length": 0,
            "main_route_table_id": "rtb-07b0edffa2d1de35a",
            "owner_id": "648749259394",
            "tags": {
              "Name": "janv-vpc"
            },
            "tags_all": {
              "Environment": "production",
              "ManagedBy": "Terraform",
              "Name": "janv-vpc",
              "Project": "janv"
            }
          },
          "sensitive_attributes": [],
          "identity_schema_version": 0,
          "private": "eyJzY2hlbWFfdmVyc2lvbiI6IjEifQ=="
        }
      ]
    },
    {
      "mode": "managed",
      "type": "local_file",
      "name": "private_key",
      "provider": "provider[\"registry.terraform.io/hashicorp/local\"]",
      "instances": [
        {
          "schema_version": 0,
          "attributes": {
            "content": "-----BEGIN RSA PRIVATE KEY-----\nMIIJKAIBAAKCAgEA10sTnNro+DisqbbbZTXwmUA8ludmj1UhrN0O5DXK2bL2mWNj\nBK0eJvJgSQJTCUmlDwsWDRAwuL5uffmfomFPkRfT70mR+0yNbQeaShk6bwZmMR9L\nNEoRiO3be1hrrUUl7ylqdfCQNopufBvitO0dTtvTl8WwrqdZG5A0swe41kEZlOWf\nOmCbHKjV+fAnq9M5BfeeQtExhVqHcw2g/ST408+tUldDiAD4cZqI2t5bKnPHqCe5\nBVCrA5SDeZZllGV05hXwp4cl4akRqFdqG1sZQjT8I68YocyPo85BvrJH77zmOhqs\ns+K2I793+sgle+JCEQCqkYwZohzWNx+bj1QcEXUEJTRKPpXe6734nYbF/rgiQNPa\nzJjnsPKq1TdltF8Rdi1/zHS69WTphacZ1GZC21ftOKtmwAQRLuw6P9TtVbOh0cqY\nUeWf0HkperwqilXr5g120OVrf1YRC4aCpeKYUZDErs9pwbdNXraCwQ/d17IeGiTI\ngu0oRtp5hFdMtWB9lMK2Mjl0jenxqxwzO/Tb/0bnS9ZIOY54KuWRzM7b1fWL5WHy\nrniGl/gzeEKbUW9xZFVWPIj+ZPaAAGtppZgcW045yp94Mp3R7cIwVys1FE/13PkR\n9eZ2ZNq1Zai/mbsooKsenK0bxeHL4l6BSzgkrTfYZh5MuMS0IYD/kplhIQMCAwEA\nAQKCAgAiOmoYf/1AqXyvUXEOuu/7jWjp8kmDSYecZ1tyENNP9SdGOl+IY3WYajnA\nocFN3WAumhacERI4l54SzS2sr/KUdh4DEcaca2P4t5gMu8y8e19NOVUdhRZwl1BT\nteUN8SEXeurVbApMLDS7P+Zf2WrVb2xJLuw+IuuvJCgcu9eOc18mewiWTBGdEYKj\nb/j+qmA11f5apSOjDezcRTMZIVhQudiBGiU/FC3A8flcGAnqdT8tjtMtndDyisQJ\nqqLlCumg7aVgcm4lXa8pp8F+LpI/d75hIKS2j0KESnXNZE684LgW+MgITrz3xf3E\nky7SbqW49PV+mlrg7oYS0Xr2jerALnIhEooYA5g37NAZJYULjkbbnK3k3A5BvBTr\npYFeEeFgl5IJ4d02ktnwRDe8yciLuGMtcXuIzdy8yQgQ75VuQk/r6GG7oYrsN+gS\njEMp/1Sq7duhyjmEJqPs7GET1TBpHOdnqg+SD9cNhDNCc1pOZs+claxl6+oJuRAj\n0+YfauU8wGc6kkx11NArBcBncgp6PEaQyysYVhVZjUvId/p0OIRA293AYh2BSOig\nxYg4sVdB8Vj5BFZ+OuODyrUjP/tj6GqCIg/qoXdVrTAV9HsELUbX6LnAHh6JVKZS\nEaf9Hyk29fYRMenbopFcDkkjmO7FKHP69DO//olYqaQxqzQj4QKCAQEA65JOE7pU\n818Yljrjv850JUF2sIofpM6QxuASRSNB6yych57jPwsB9NOtmrfxFw/42k1lrW1j\nEpVGukVmhSAXUnhhECNgcYo/D2ypsIKqAZryatRaNX7d1I/H3LeawxQU8EmNjx4d\nFeQzKJ3nDtJnwhDU3hz7W37R7bZzXBcPXtNivIqR3IEqrm1f3LuHtluMJPspyU3p\n2wDYijTgOxLhocqDFOUn+m8un4nuhYwySXrYgf5/QXP+UhUfyTUAcKc1K4AKbEq7\neGTC5jgKL5+MN1f7BjqwETQk7o446LGqQeUNQ71GKXpycqWjMG/b+SL+/9ZbDoUb\nXyZmE1G8REI7CwKCAQEA6faYGP+w87A0yUtpefX1c8dvt2aWNAR502gpaG5rwWaA\nSgmxmkgTaN2Z2bQCCIUXPlfrxl+VF3rkVc6rGLUai/2aQpTy8ggHHUT8tLPTwP8L\n2R3P7Yu8L0r1p7Z/eoyubyo/sq2XYJnup/fJemq1T74KOmCeR7VGhs0RorG+BuxL\n7e3EyXlv0EtpMTLQX6w55jsn2w4Ld3EbORR7ZhAJsgJxjDLIhdeDImXp5oIimUtl\nEovZ2K2BW0WDyZOEnNoy3hV/OTymGxumWaRCtw9VBEfcB5o8vtXLz0SCf8Mke7Zx\nw3mZzYryIK6cGE2AjszJtPEKBnVuuTzmrftD4Qqs6QKCAQEA4F4U501NpA8rB8tH\nKGSm0uUq+rJTuVDVK9Y3EIqoOinfXHzEzELbtif27anMgr6/soyND0VkW0q6dqer\nIZiTHgVxzUEkln+p2DMS2/9XlPfTdFSVJuaSueXH4j0ttifmWYZ0wZ9Y7ITRBRp/\n++oC0R/e3z6TWW3M3LAt58Q+635CSHliu7Z6xG+AImiqtdE0BfUCs6z105VWqSv7\ndchiBwsvFjO8hBZpPaLN/3ysWLgchpOy+NBVpjBgee91X9aiGbB2PPZg4CZ4S3WM\nnhdEIWI2wJQdJgWYN25WXar6EpDqtV4M+WyanP+OEpA3326pmVq8l3PHwjR8fGIZ\nAppiSQKCAQBlXlVaB3a4rrDAQm9Jy1p0toVd1hHgKcxK34eJWsZPPkT5TyfnK7FV\nLyZYn9h9roR6m4dpJMKpMLK7xtZ01wrQeqmajYSRfw7uDJTdCkkGBrswb+1GA9Qe\nPYEgED89brSpL4n3taSv0yIHHqHp60/xY+p0jqYldZJAF5u7fP1TbJAdX3ZywK3E\ndtf13AlSWoGfkiPbkkM/lf7whUJN30cEHHDsCJi+/LgxcCyeleW9u1/oYDWb3tj8\nHatS7Bp6B0Qg2vmLaA6kEh/KGRRa0kbImwXnOVl2aZVrkUhlaLxm6Y5y3j3YQ4pS\nxLSXBwVbWblPL1xjnf/CPHPKD+LCH2j5AoIBACMCnA7lmUMt6adGts/4Ai7v4Nc8\n2fNu2CeoqydiB3fCOynkh4lihEBoLbINEWHvCKcC5ZGyUF+OE1DkggGqMfeFiHhm\nG1RD2PSrDTpulT96np+dQonkVNMoRB05v7MGDYPf9ERHTnJKV5B2qlUAmROAOT7K\nkXdQ78Hp8o0OtWOeCouv9HinmFyiMQVE1Fi+RfPU2JBrapDrAGl4d53VrL1NbvMU\nGQUTqdNAqVevhVcDrgFNJgrRqz1UVsERQoQlauuvPxzWMfZ/8llPUdIVvIxvbCii\nSHXrRpdjnR7SVgWyexFcuLQIZvovK7iCdAAzhU9hUvDLwrJT3ilJO3ZLJ/A=\n-----END RSA PRIVATE KEY-----\n",
            "content_base64": null,
            "content_base64sha256": "xJ6XQ9g47OW8c3lVMTpKwEJ08bzrTZw/p418Ji/R37g=",
            "content_base64sha512": "gNCEl85AkGGZ5pdNoFVlqX3YAnw+6y5+cHcbBizJnX2DHpx20M4Qf0uZDmMeUVWV6CxyTlq/y3eaZmUPymZr6Q==",
            "content_md5": "6fe1160c92f56aa066924d02d4c65d10",
            "content_sha1": "883262dc082485b9218d3676e293d361c3c7ad10",
            "content_sha256": "c49e9743d838ece5bc737955313a4ac04274f1bceb4d9c3fa78d7c262fd1dfb8",
            "content_sha512": "80d08497ce40906199e6974da05565a97dd8027c3eeb2e7e70771b062cc99d7d831e9c76d0ce107f4b990e631e515595e82c724e5abfcb779a66650fca666be9",
            "directory_permission": "0777",
            "file_permission": "0600",
            "filename": "./janv-ec2-key.pem",
            "id": "883262dc082485b9218d3676e293d361c3c7ad10",
            "sensitive_content": null,
            "source": null
          },
          "sensitive_attributes": [
            [
              {
                "type": "get_attr",
                "value": "content"
              }
            ],
            [
              {
                "type": "get_attr",
                "value": "sensitive_content"
              }
            ]
          ],
          "identity_schema_version": 0,
          "dependencies": [
            "tls_private_key.ssh"
          ]
        }
      ]
    },
    {
      "mode": "managed",
      "type": "tls_private_key",
      "name": "ssh",
      "provider": "provider[\"registry.terraform.io/hashicorp/tls\"]",
      "instances": [
        {
          "schema_version": 1,
          "attributes": {
            "algorithm": "RSA",
            "ecdsa_curve": "P224",
            "id": "410530e0868c08704e981153aebb2590a6370de4",
            "private_key_openssh": "-----BEGIN OPENSSH PRIVATE KEY-----\nb3BlbnNzaC1rZXktdjEAAAAABG5vbmUAAAAEbm9uZQAAAAAAAAABAAACFwAAAAdz\nc2gtcnNhAAAAAwEAAQAAAgEA10sTnNro+DisqbbbZTXwmUA8ludmj1UhrN0O5DXK\n2bL2mWNjBK0eJvJgSQJTCUmlDwsWDRAwuL5uffmfomFPkRfT70mR+0yNbQeaShk6\nbwZmMR9LNEoRiO3be1hrrUUl7ylqdfCQNopufBvitO0dTtvTl8WwrqdZG5A0swe4\n1kEZlOWfOmCbHKjV+fAnq9M5BfeeQtExhVqHcw2g/ST408+tUldDiAD4cZqI2t5b\nKnPHqCe5BVCrA5SDeZZllGV05hXwp4cl4akRqFdqG1sZQjT8I68YocyPo85BvrJH\n77zmOhqss+K2I793+sgle+JCEQCqkYwZohzWNx+bj1QcEXUEJTRKPpXe6734nYbF\n/rgiQNPazJjnsPKq1TdltF8Rdi1/zHS69WTphacZ1GZC21ftOKtmwAQRLuw6P9Tt\nVbOh0cqYUeWf0HkperwqilXr5g120OVrf1YRC4aCpeKYUZDErs9pwbdNXraCwQ/d\n17IeGiTIgu0oRtp5hFdMtWB9lMK2Mjl0jenxqxwzO/Tb/0bnS9ZIOY54KuWRzM7b\n1fWL5WHyrniGl/gzeEKbUW9xZFVWPIj+ZPaAAGtppZgcW045yp94Mp3R7cIwVys1\nFE/13PkR9eZ2ZNq1Zai/mbsooKsenK0bxeHL4l6BSzgkrTfYZh5MuMS0IYD/kplh\nIQMAAAc4taQLlbWkC5UAAAAHc3NoLXJzYQAAAgEA10sTnNro+DisqbbbZTXwmUA8\nludmj1UhrN0O5DXK2bL2mWNjBK0eJvJgSQJTCUmlDwsWDRAwuL5uffmfomFPkRfT\n70mR+0yNbQeaShk6bwZmMR9LNEoRiO3be1hrrUUl7ylqdfCQNopufBvitO0dTtvT\nl8WwrqdZG5A0swe41kEZlOWfOmCbHKjV+fAnq9M5BfeeQtExhVqHcw2g/ST408+t\nUldDiAD4cZqI2t5bKnPHqCe5BVCrA5SDeZZllGV05hXwp4cl4akRqFdqG1sZQjT8\nI68YocyPo85BvrJH77zmOhqss+K2I793+sgle+JCEQCqkYwZohzWNx+bj1QcEXUE\nJTRKPpXe6734nYbF/rgiQNPazJjnsPKq1TdltF8Rdi1/zHS69WTphacZ1GZC21ft\nOKtmwAQRLuw6P9TtVbOh0cqYUeWf0HkperwqilXr5g120OVrf1YRC4aCpeKYUZDE\nrs9pwbdNXraCwQ/d17IeGiTIgu0oRtp5hFdMtWB9lMK2Mjl0jenxqxwzO/Tb/0bn\nS9ZIOY54KuWRzM7b1fWL5WHyrniGl/gzeEKbUW9xZFVWPIj+ZPaAAGtppZgcW045\nyp94Mp3R7cIwVys1FE/13PkR9eZ2ZNq1Zai/mbsooKsenK0bxeHL4l6BSzgkrTfY\nZh5MuMS0IYD/kplhIQMAAAADAQABAAACACI6ahh//UCpfK9RcQ667/uNaOnySYNJ\nh5xnW3IQ00/1J0Y6X4hjdZhqOcChwU3dYC6aFpwREjiXnhLNLayv8pR2HgMRxpxr\nY/i3mAy7zLx7X005VR2FFnCXUFO15Q3xIRd66tVsCkwsNLs/5l/ZatVvbEku7D4i\n668kKBy7145zXyZ7CJZMEZ0RgqNv+P6qYDXV/lqlI6MN7NxFMxkhWFC52IEaJT8U\nLcDx+VwYCep1Py2O0y2d0PKKxAmqouUK6aDtpWBybiVdrymnwX4ukj93vmEgpLaP\nQoRKdc1kTrzguBb4yAhOvPfF/cSTLtJupbj09X6aWuDuhhLRevaN6sAuciESihgD\nmDfs0BklhQuORtucreTcDkG8FOulgV4R4WCXkgnh3TaS2fBEN7zJyIu4Yy1xe4jN\n3LzJCBDvlW5CT+voYbuhiuw36BKMQyn/VKrt26HKOYQmo+zsYRPVMGkc52eqD5IP\n1w2EM0JzWk5mz5yVrGXr6gm5ECPT5h9q5TzAZzqSTHXU0CsFwGdyCno8RpDLKxhW\nFVmNS8h3+nQ4hEDb3cBiHYFI6KDFiDixV0HxWPkEVn4644PKtSM/+2PoaoIiD+qh\nd1WtMBX0ewQtRtfoucAeHolUplIRp/0fKTb19hEx6duikVwOSSOY7sUoc/r0M7/+\niVippDGrNCPhAAABACMCnA7lmUMt6adGts/4Ai7v4Nc82fNu2CeoqydiB3fCOynk\nh4lihEBoLbINEWHvCKcC5ZGyUF+OE1DkggGqMfeFiHhmG1RD2PSrDTpulT96np+d\nQonkVNMoRB05v7MGDYPf9ERHTnJKV5B2qlUAmROAOT7KkXdQ78Hp8o0OtWOeCouv\n9HinmFyiMQVE1Fi+RfPU2JBrapDrAGl4d53VrL1NbvMUGQUTqdNAqVevhVcDrgFN\nJgrRqz1UVsERQoQlauuvPxzWMfZ/8llPUdIVvIxvbCiiSHXrRpdjnR7SVgWyexFc\nuLQIZvovK7iCdAAzhU9hUvDLwrJT3ilJO3ZLJ/AAAAEBAOuSThO6VPNfGJY647/O\ndCVBdrCKH6TOkMbgEkUjQessnIee4z8LAfTTrZq38RcP+NpNZa1tYxKVRrpFZoUg\nF1J4YRAjYHGKPw9sqbCCqgGa8mrUWjV+3dSPx9y3msMUFPBJjY8eHRXkMyid5w7S\nZ8IQ1N4c+1t+0e22c1wXD17TYryKkdyBKq5tX9y7h7ZbjCT7KclN6dsA2Io04DsS\n4aHKgxTlJ/pvLp+J7oWMMkl62IH+f0Fz/lIVH8k1AHCnNSuACmxKu3hkwuY4Ci+f\njDdX+wY6sBE0JO6OOOixqkHlDUO9Ril6cnKlozBv2/ki/v/WWw6FG18mZhNRvERC\nOwsAAAEBAOn2mBj/sPOwNMlLaXn19XPHb7dmljQEedNoKWhua8FmgEoJsZpIE2jd\nmdm0AgiFFz5X68ZflRd65FXOqxi1Gov9mkKU8vIIBx1E/LSz08D/C9kdz+2LvC9K\n9ae2f3qMrm8qP7Ktl2CZ7qf3yXpqtU++Cjpgnke1RobNEaKxvgbsS+3txMl5b9BL\naTEy0F+sOeY7J9sOC3dxGzkUe2YQCbICcYwyyIXXgyJl6eaCIplLZRKL2ditgVtF\ng8mThJzaMt4Vfzk8phsbplmkQrcPVQRH3AeaPL7Vy89Egn/DJHu2ccN5mc2K8iCu\nnBhNgI7MybTxCgZ1brk85q37Q+EKrOkAAAAAAQID\n-----END OPENSSH PRIVATE KEY-----\n",
            "private_key_pem": "-----BEGIN RSA PRIVATE KEY-----\nMIIJKAIBAAKCAgEA10sTnNro+DisqbbbZTXwmUA8ludmj1UhrN0O5DXK2bL2mWNj\nBK0eJvJgSQJTCUmlDwsWDRAwuL5uffmfomFPkRfT70mR+0yNbQeaShk6bwZmMR9L\nNEoRiO3be1hrrUUl7ylqdfCQNopufBvitO0dTtvTl8WwrqdZG5A0swe41kEZlOWf\nOmCbHKjV+fAnq9M5BfeeQtExhVqHcw2g/ST408+tUldDiAD4cZqI2t5bKnPHqCe5\nBVCrA5SDeZZllGV05hXwp4cl4akRqFdqG1sZQjT8I68YocyPo85BvrJH77zmOhqs\ns+K2I793+sgle+JCEQCqkYwZohzWNx+bj1QcEXUEJTRKPpXe6734nYbF/rgiQNPa\nzJjnsPKq1TdltF8Rdi1/zHS69WTphacZ1GZC21ftOKtmwAQRLuw6P9TtVbOh0cqY\nUeWf0HkperwqilXr5g120OVrf1YRC4aCpeKYUZDErs9pwbdNXraCwQ/d17IeGiTI\ngu0oRtp5hFdMtWB9lMK2Mjl0jenxqxwzO/Tb/0bnS9ZIOY54KuWRzM7b1fWL5WHy\nrniGl/gzeEKbUW9xZFVWPIj+ZPaAAGtppZgcW045yp94Mp3R7cIwVys1FE/13PkR\n9eZ2ZNq1Zai/mbsooKsenK0bxeHL4l6BSzgkrTfYZh5MuMS0IYD/kplhIQMCAwEA\nAQKCAgAiOmoYf/1AqXyvUXEOuu/7jWjp8kmDSYecZ1tyENNP9SdGOl+IY3WYajnA\nocFN3WAumhacERI4l54SzS2sr/KUdh4DEcaca2P4t5gMu8y8e19NOVUdhRZwl1BT\nteUN8SEXeurVbApMLDS7P+Zf2WrVb2xJLuw+IuuvJCgcu9eOc18mewiWTBGdEYKj\nb/j+qmA11f5apSOjDezcRTMZIVhQudiBGiU/FC3A8flcGAnqdT8tjtMtndDyisQJ\nqqLlCumg7aVgcm4lXa8pp8F+LpI/d75hIKS2j0KESnXNZE684LgW+MgITrz3xf3E\nky7SbqW49PV+mlrg7oYS0Xr2jerALnIhEooYA5g37NAZJYULjkbbnK3k3A5BvBTr\npYFeEeFgl5IJ4d02ktnwRDe8yciLuGMtcXuIzdy8yQgQ75VuQk/r6GG7oYrsN+gS\njEMp/1Sq7duhyjmEJqPs7GET1TBpHOdnqg+SD9cNhDNCc1pOZs+claxl6+oJuRAj\n0+YfauU8wGc6kkx11NArBcBncgp6PEaQyysYVhVZjUvId/p0OIRA293AYh2BSOig\nxYg4sVdB8Vj5BFZ+OuODyrUjP/tj6GqCIg/qoXdVrTAV9HsELUbX6LnAHh6JVKZS\nEaf9Hyk29fYRMenbopFcDkkjmO7FKHP69DO//olYqaQxqzQj4QKCAQEA65JOE7pU\n818Yljrjv850JUF2sIofpM6QxuASRSNB6yych57jPwsB9NOtmrfxFw/42k1lrW1j\nEpVGukVmhSAXUnhhECNgcYo/D2ypsIKqAZryatRaNX7d1I/H3LeawxQU8EmNjx4d\nFeQzKJ3nDtJnwhDU3hz7W37R7bZzXBcPXtNivIqR3IEqrm1f3LuHtluMJPspyU3p\n2wDYijTgOxLhocqDFOUn+m8un4nuhYwySXrYgf5/QXP+UhUfyTUAcKc1K4AKbEq7\neGTC5jgKL5+MN1f7BjqwETQk7o446LGqQeUNQ71GKXpycqWjMG/b+SL+/9ZbDoUb\nXyZmE1G8REI7CwKCAQEA6faYGP+w87A0yUtpefX1c8dvt2aWNAR502gpaG5rwWaA\nSgmxmkgTaN2Z2bQCCIUXPlfrxl+VF3rkVc6rGLUai/2aQpTy8ggHHUT8tLPTwP8L\n2R3P7Yu8L0r1p7Z/eoyubyo/sq2XYJnup/fJemq1T74KOmCeR7VGhs0RorG+BuxL\n7e3EyXlv0EtpMTLQX6w55jsn2w4Ld3EbORR7ZhAJsgJxjDLIhdeDImXp5oIimUtl\nEovZ2K2BW0WDyZOEnNoy3hV/OTymGxumWaRCtw9VBEfcB5o8vtXLz0SCf8Mke7Zx\nw3mZzYryIK6cGE2AjszJtPEKBnVuuTzmrftD4Qqs6QKCAQEA4F4U501NpA8rB8tH\nKGSm0uUq+rJTuVDVK9Y3EIqoOinfXHzEzELbtif27anMgr6/soyND0VkW0q6dqer\nIZiTHgVxzUEkln+p2DMS2/9XlPfTdFSVJuaSueXH4j0ttifmWYZ0wZ9Y7ITRBRp/\n++oC0R/e3z6TWW3M3LAt58Q+635CSHliu7Z6xG+AImiqtdE0BfUCs6z105VWqSv7\ndchiBwsvFjO8hBZpPaLN/3ysWLgchpOy+NBVpjBgee91X9aiGbB2PPZg4CZ4S3WM\nnhdEIWI2wJQdJgWYN25WXar6EpDqtV4M+WyanP+OEpA3326pmVq8l3PHwjR8fGIZ\nAppiSQKCAQBlXlVaB3a4rrDAQm9Jy1p0toVd1hHgKcxK34eJWsZPPkT5TyfnK7FV\nLyZYn9h9roR6m4dpJMKpMLK7xtZ01wrQeqmajYSRfw7uDJTdCkkGBrswb+1GA9Qe\nPYEgED89brSpL4n3taSv0yIHHqHp60/xY+p0jqYldZJAF5u7fP1TbJAdX3ZywK3E\ndtf13AlSWoGfkiPbkkM/lf7whUJN30cEHHDsCJi+/LgxcCyeleW9u1/oYDWb3tj8\nHatS7Bp6B0Qg2vmLaA6kEh/KGRRa0kbImwXnOVl2aZVrkUhlaLxm6Y5y3j3YQ4pS\nxLSXBwVbWblPL1xjnf/CPHPKD+LCH2j5AoIBACMCnA7lmUMt6adGts/4Ai7v4Nc8\n2fNu2CeoqydiB3fCOynkh4lihEBoLbINEWHvCKcC5ZGyUF+OE1DkggGqMfeFiHhm\nG1RD2PSrDTpulT96np+dQonkVNMoRB05v7MGDYPf9ERHTnJKV5B2qlUAmROAOT7K\nkXdQ78Hp8o0OtWOeCouv9HinmFyiMQVE1Fi+RfPU2JBrapDrAGl4d53VrL1NbvMU\nGQUTqdNAqVevhVcDrgFNJgrRqz1UVsERQoQlauuvPxzWMfZ/8llPUdIVvIxvbCii\nSHXrRpdjnR7SVgWyexFcuLQIZvovK7iCdAAzhU9hUvDLwrJT3ilJO3ZLJ/A=\n-----END RSA PRIVATE KEY-----\n",
            "private_key_pem_pkcs8": "-----BEGIN PRIVATE KEY-----\nMIIJQgIBADANBgkqhkiG9w0BAQEFAASCCSwwggkoAgEAAoICAQDXSxOc2uj4OKyp\ntttlNfCZQDyW52aPVSGs3Q7kNcrZsvaZY2MErR4m8mBJAlMJSaUPCxYNEDC4vm59\n+Z+iYU+RF9PvSZH7TI1tB5pKGTpvBmYxH0s0ShGI7dt7WGutRSXvKWp18JA2im58\nG+K07R1O29OXxbCup1kbkDSzB7jWQRmU5Z86YJscqNX58Cer0zkF955C0TGFWodz\nDaD9JPjTz61SV0OIAPhxmoja3lsqc8eoJ7kFUKsDlIN5lmWUZXTmFfCnhyXhqRGo\nV2obWxlCNPwjrxihzI+jzkG+skfvvOY6Gqyz4rYjv3f6yCV74kIRAKqRjBmiHNY3\nH5uPVBwRdQQlNEo+ld7rvfidhsX+uCJA09rMmOew8qrVN2W0XxF2LX/MdLr1ZOmF\npxnUZkLbV+04q2bABBEu7Do/1O1Vs6HRyphR5Z/QeSl6vCqKVevmDXbQ5Wt/VhEL\nhoKl4phRkMSuz2nBt01etoLBD93Xsh4aJMiC7ShG2nmEV0y1YH2UwrYyOXSN6fGr\nHDM79Nv/RudL1kg5jngq5ZHMztvV9YvlYfKueIaX+DN4QptRb3FkVVY8iP5k9oAA\na2mlmBxbTjnKn3gyndHtwjBXKzUUT/Xc+RH15nZk2rVlqL+Zuyigqx6crRvF4cvi\nXoFLOCStN9hmHky4xLQhgP+SmWEhAwIDAQABAoICACI6ahh//UCpfK9RcQ667/uN\naOnySYNJh5xnW3IQ00/1J0Y6X4hjdZhqOcChwU3dYC6aFpwREjiXnhLNLayv8pR2\nHgMRxpxrY/i3mAy7zLx7X005VR2FFnCXUFO15Q3xIRd66tVsCkwsNLs/5l/ZatVv\nbEku7D4i668kKBy7145zXyZ7CJZMEZ0RgqNv+P6qYDXV/lqlI6MN7NxFMxkhWFC5\n2IEaJT8ULcDx+VwYCep1Py2O0y2d0PKKxAmqouUK6aDtpWBybiVdrymnwX4ukj93\nvmEgpLaPQoRKdc1kTrzguBb4yAhOvPfF/cSTLtJupbj09X6aWuDuhhLRevaN6sAu\nciESihgDmDfs0BklhQuORtucreTcDkG8FOulgV4R4WCXkgnh3TaS2fBEN7zJyIu4\nYy1xe4jN3LzJCBDvlW5CT+voYbuhiuw36BKMQyn/VKrt26HKOYQmo+zsYRPVMGkc\n52eqD5IP1w2EM0JzWk5mz5yVrGXr6gm5ECPT5h9q5TzAZzqSTHXU0CsFwGdyCno8\nRpDLKxhWFVmNS8h3+nQ4hEDb3cBiHYFI6KDFiDixV0HxWPkEVn4644PKtSM/+2Po\naoIiD+qhd1WtMBX0ewQtRtfoucAeHolUplIRp/0fKTb19hEx6duikVwOSSOY7sUo\nc/r0M7/+iVippDGrNCPhAoIBAQDrkk4TulTzXxiWOuO/znQlQXawih+kzpDG4BJF\nI0HrLJyHnuM/CwH0062at/EXD/jaTWWtbWMSlUa6RWaFIBdSeGEQI2Bxij8PbKmw\ngqoBmvJq1Fo1ft3Uj8fct5rDFBTwSY2PHh0V5DMonecO0mfCENTeHPtbftHttnNc\nFw9e02K8ipHcgSqubV/cu4e2W4wk+ynJTenbANiKNOA7EuGhyoMU5Sf6by6fie6F\njDJJetiB/n9Bc/5SFR/JNQBwpzUrgApsSrt4ZMLmOAovn4w3V/sGOrARNCTujjjo\nsapB5Q1DvUYpenJypaMwb9v5Iv7/1lsOhRtfJmYTUbxEQjsLAoIBAQDp9pgY/7Dz\nsDTJS2l59fVzx2+3ZpY0BHnTaClobmvBZoBKCbGaSBNo3ZnZtAIIhRc+V+vGX5UX\neuRVzqsYtRqL/ZpClPLyCAcdRPy0s9PA/wvZHc/ti7wvSvWntn96jK5vKj+yrZdg\nme6n98l6arVPvgo6YJ5HtUaGzRGisb4G7Evt7cTJeW/QS2kxMtBfrDnmOyfbDgt3\ncRs5FHtmEAmyAnGMMsiF14MiZenmgiKZS2USi9nYrYFbRYPJk4Sc2jLeFX85PKYb\nG6ZZpEK3D1UER9wHmjy+1cvPRIJ/wyR7tnHDeZnNivIgrpwYTYCOzMm08QoGdW65\nPOat+0PhCqzpAoIBAQDgXhTnTU2kDysHy0coZKbS5Sr6slO5UNUr1jcQiqg6Kd9c\nfMTMQtu2J/btqcyCvr+yjI0PRWRbSrp2p6shmJMeBXHNQSSWf6nYMxLb/1eU99N0\nVJUm5pK55cfiPS22J+ZZhnTBn1jshNEFGn/76gLRH97fPpNZbczcsC3nxD7rfkJI\neWK7tnrEb4AiaKq10TQF9QKzrPXTlVapK/t1yGIHCy8WM7yEFmk9os3/fKxYuByG\nk7L40FWmMGB573Vf1qIZsHY89mDgJnhLdYyeF0QhYjbAlB0mBZg3blZdqvoSkOq1\nXgz5bJqc/44SkDffbqmZWryXc8fCNHx8YhkCmmJJAoIBAGVeVVoHdriusMBCb0nL\nWnS2hV3WEeApzErfh4laxk8+RPlPJ+crsVUvJlif2H2uhHqbh2kkwqkwsrvG1nTX\nCtB6qZqNhJF/Du4MlN0KSQYGuzBv7UYD1B49gSAQPz1utKkvife1pK/TIgceoenr\nT/Fj6nSOpiV1kkAXm7t8/VNskB1fdnLArcR21/XcCVJagZ+SI9uSQz+V/vCFQk3f\nRwQccOwImL78uDFwLJ6V5b27X+hgNZve2Pwdq1LsGnoHRCDa+YtoDqQSH8oZFFrS\nRsibBec5WXZplWuRSGVovGbpjnLePdhDilLEtJcHBVtZuU8vXGOd/8I8c8oP4sIf\naPkCggEAIwKcDuWZQy3pp0a2z/gCLu/g1zzZ827YJ6irJ2IHd8I7KeSHiWKEQGgt\nsg0RYe8IpwLlkbJQX44TUOSCAaox94WIeGYbVEPY9KsNOm6VP3qen51CieRU0yhE\nHTm/swYNg9/0REdOckpXkHaqVQCZE4A5PsqRd1DvwenyjQ61Y54Ki6/0eKeYXKIx\nBUTUWL5F89TYkGtqkOsAaXh3ndWsvU1u8xQZBROp00CpV6+FVwOuAU0mCtGrPVRW\nwRFChCVq668/HNYx9n/yWU9R0hW8jG9sKKJIdetGl2OdHtJWBbJ7EVy4tAhm+i8r\nuIJ0ADOFT2FS8MvCslPeKUk7dksn8A==\n-----END PRIVATE KEY-----\n",
            "public_key_fingerprint_md5": "38:d4:33:38:30:9f:72:37:07:e9:a4:f7:ca:48:3b:16",
            "public_key_fingerprint_sha256": "SHA256:N7OHJhqKG5QCtlXCUvKqJ1U2bFCV+G6D5VHkic0QlXc",
            "public_key_openssh": "ssh-rsa AAAAB3NzaC1yc2EAAAADAQABAAACAQDXSxOc2uj4OKyptttlNfCZQDyW52aPVSGs3Q7kNcrZsvaZY2MErR4m8mBJAlMJSaUPCxYNEDC4vm59+Z+iYU+RF9PvSZH7TI1tB5pKGTpvBmYxH0s0ShGI7dt7WGutRSXvKWp18JA2im58G+K07R1O29OXxbCup1kbkDSzB7jWQRmU5Z86YJscqNX58Cer0zkF955C0TGFWodzDaD9JPjTz61SV0OIAPhxmoja3lsqc8eoJ7kFUKsDlIN5lmWUZXTmFfCnhyXhqRGoV2obWxlCNPwjrxihzI+jzkG+skfvvOY6Gqyz4rYjv3f6yCV74kIRAKqRjBmiHNY3H5uPVBwRdQQlNEo+ld7rvfidhsX+uCJA09rMmOew8qrVN2W0XxF2LX/MdLr1ZOmFpxnUZkLbV+04q2bABBEu7Do/1O1Vs6HRyphR5Z/QeSl6vCqKVevmDXbQ5Wt/VhELhoKl4phRkMSuz2nBt01etoLBD93Xsh4aJMiC7ShG2nmEV0y1YH2UwrYyOXSN6fGrHDM79Nv/RudL1kg5jngq5ZHMztvV9YvlYfKueIaX+DN4QptRb3FkVVY8iP5k9oAAa2mlmBxbTjnKn3gyndHtwjBXKzUUT/Xc+RH15nZk2rVlqL+Zuyigqx6crRvF4cviXoFLOCStN9hmHky4xLQhgP+SmWEhAw==\n",
            "public_key_pem": "-----BEGIN PUBLIC KEY-----\nMIICIjANBgkqhkiG9w0BAQEFAAOCAg8AMIICCgKCAgEA10sTnNro+DisqbbbZTXw\nmUA8ludmj1UhrN0O5DXK2bL2mWNjBK0eJvJgSQJTCUmlDwsWDRAwuL5uffmfomFP\nkRfT70mR+0yNbQeaShk6bwZmMR9LNEoRiO3be1hrrUUl7ylqdfCQNopufBvitO0d\nTtvTl8WwrqdZG5A0swe41kEZlOWfOmCbHKjV+fAnq9M5BfeeQtExhVqHcw2g/ST4\n08+tUldDiAD4cZqI2t5bKnPHqCe5BVCrA5SDeZZllGV05hXwp4cl4akRqFdqG1sZ\nQjT8I68YocyPo85BvrJH77zmOhqss+K2I793+sgle+JCEQCqkYwZohzWNx+bj1Qc\nEXUEJTRKPpXe6734nYbF/rgiQNPazJjnsPKq1TdltF8Rdi1/zHS69WTphacZ1GZC\n21ftOKtmwAQRLuw6P9TtVbOh0cqYUeWf0HkperwqilXr5g120OVrf1YRC4aCpeKY\nUZDErs9pwbdNXraCwQ/d17IeGiTIgu0oRtp5hFdMtWB9lMK2Mjl0jenxqxwzO/Tb\n/0bnS9ZIOY54KuWRzM7b1fWL5WHyrniGl/gzeEKbUW9xZFVWPIj+ZPaAAGtppZgc\nW045yp94Mp3R7cIwVys1FE/13PkR9eZ2ZNq1Zai/mbsooKsenK0bxeHL4l6BSzgk\nrTfYZh5MuMS0IYD/kplhIQMCAwEAAQ==\n-----END PUBLIC KEY-----\n",
            "rsa_bits": 4096
          },
          "sensitive_attributes": [
            [
              {
                "type": "get_attr",
                "value": "private_key_openssh"
              }
            ],
            [
              {
                "type": "get_attr",
                "value": "private_key_pem"
              }
            ],
            [
              {
                "type": "get_attr",
                "value": "private_key_pem_pkcs8"
              }
            ]
          ],
          "identity_schema_version": 0
        }
      ]
    }
  ],
  "check_results": null
}
